
Microsoft Visual Studio Solution File, Format Version 12.00
# Visual Studio 15
VisualStudioVersion = 15.0.28307.705
MinimumVisualStudioVersion = 10.0.40219.1
Project("{FAE04EC0-301F-11D3-BF4B-00C04F79EFBC}") = "VNITTECH", "VNITTECH\VNITTECH.csproj", "{1C5DDFEF-B3E2-4BDF-9AB3-60BEC5028D60}"
EndProject
Global
	GlobalSection(SolutionConfigurationPlatforms) = preSolution
		Debug|Any CPU = Debug|Any CPU
		Release|Any CPU = Release|Any CPU
	EndGlobalSection
	GlobalSection(ProjectConfigurationPlatforms) = postSolution
		{1C5DDFEF-B3E2-4BDF-9AB3-60BEC5028D60}.Debug|Any CPU.ActiveCfg = Debug|Any CPU
		{1C5DDFEF-B3E2-4BDF-9AB3-60BEC5028D60}.Debug|Any CPU.Build.0 = Debug|Any CPU
		{1C5DDFEF-B3E2-4BDF-9AB3-60BEC5028D60}.Release|Any CPU.ActiveCfg = Release|Any CPU
		{1C5DDFEF-B3E2-4BDF-9AB3-60BEC5028D60}.Release|Any CPU.Build.0 = Release|Any CPU
	EndGlobalSection
	GlobalSection(SolutionProperties) = preSolution
		HideSolutionNode = FALSE
	EndGlobalSection
	GlobalSection(ExtensibilityGlobals) = postSolution
		SolutionGuid = {49FAE58B-4455-4B7D-82B5-714470BD3600}
	EndGlobalSection
EndGlobal
